{
  "name": "@writetome51/app-paginator",
  "version": "3.0.0",
  "lockfileVersion": 1,
  "requires": true,
  "dependencies": {
    "@writetome51/abstract-app-paginator": {
      "version": "0.0.1",
      "resolved": "https://registry.npmjs.org/@writetome51/abstract-app-paginator/-/abstract-app-paginator-0.0.1.tgz",
      "integrity": "sha512-suvEsChdToX0eEsQiPmXnDAqIkUZz2aysW/tlJqXcFMZy/kkkcNxMWnbLnuoLTJ7VlO6TGaWO9NB6pUx1dmrTg=="
    },
    "@writetome51/array-get-adjacent-at": {
      "version": "1.0.4",
      "resolved": "https://registry.npmjs.org/@writetome51/array-get-adjacent-at/-/array-get-adjacent-at-1.0.4.tgz",
      "integrity": "sha512-VM6NPJ12Xkxlvc1m0pRIbDP9IjLCmZSUNdIE9WddLCL2o9XF/usgeBJ77znxzrGPg6QO2gL8VYpuJymRDDsN9Q==",
      "requires": {
        "error-if-array-too-short-to-meet-adjacent-items-request": "~1.0.1",
        "error-if-index-how-many-or-array-are-not-valid": "~1.0.0"
      }
    },
    "@writetome51/array-get-head-tail": {
      "version": "1.0.5",
      "resolved": "https://registry.npmjs.org/@writetome51/array-get-head-tail/-/array-get-head-tail-1.0.5.tgz",
      "integrity": "sha512-canuxZ6ER0XkhXuHKC3KVLSNGrILlhlzQ3haPJZ7cOfLS6X40848849Wxf1oid7t3NTj+9S5Y+n6C78cXNLv6g==",
      "requires": {
        "@writetome51/array-get-adjacent-at": "~1.0.3"
      }
    },
    "@writetome51/array-paginator": {
      "version": "4.0.0",
      "resolved": "https://registry.npmjs.org/@writetome51/array-paginator/-/array-paginator-4.0.0.tgz",
      "integrity": "sha512-TdFrS39CQSj2n2Y+xxsFbLNQlehkn/HvHUwDU03pWb8br1sX3l2LVjJj8bjhaaJsyHVJKyQIc7idFVHjUWNeeg==",
      "requires": {
        "@writetome51/array-get-adjacent-at": "~1.0.4",
        "@writetome51/array-get-head-tail": "~1.0.5",
        "@writetome51/get-rounded-up-down": "~1.0.10",
        "@writetome51/has-value-no-value": "~1.0.1",
        "@writetome51/in-range": "~1.0.4",
        "@writetome51/not": "~1.0.5",
        "@writetome51/public-array-container": "~2.0.3",
        "error-if-not-integer": "~1.0.0"
      }
    },
    "@writetome51/arrays-match": {
      "version": "1.0.6",
      "resolved": "https://registry.npmjs.org/@writetome51/arrays-match/-/arrays-match-1.0.6.tgz",
      "integrity": "sha512-W5UxnYVYO/PZBXxI3kGt6O2dn++yN/gX8HTMw8wp0EiliAEwb1xz6dllnSbUfFOvFI9Wijp5TLRL/r8l3XcLag==",
      "dev": true,
      "requires": {
        "@writetome51/is-array-not-array": "~1.0.0",
        "@writetome51/is-empty-not-empty": "~1.0.0",
        "error-if-values-are-not-arrays": "~1.0.2"
      }
    },
    "@writetome51/base-class": {
      "version": "0.0.3",
      "resolved": "https://registry.npmjs.org/@writetome51/base-class/-/base-class-0.0.3.tgz",
      "integrity": "sha512-Z8WEg7FHtCq32gs55+CCRs4Vq9kOjLuDytzIjfgaYjNhOqjx2wI2sCD7c7x4qOuQ02yUmjilr2HN/nopjax2UA=="
    },
    "@writetome51/batch-to-page-translator": {
      "version": "0.0.2",
      "resolved": "https://registry.npmjs.org/@writetome51/batch-to-page-translator/-/batch-to-page-translator-0.0.2.tgz",
      "integrity": "sha512-R6DeRorjvkhi6oPz+R/vMztB4Z49VPNWEZbU70FPKiDFuvpz9MDWSj/+haowUSdVRb/p21qAm4GPWtsOo5NZhA==",
      "requires": {
        "@writetome51/get-rounded-up-down": "~1.0.11",
        "@writetome51/has-value-no-value": "~1.0.2",
        "@writetome51/in-range": "~1.0.4",
        "@writetome51/not": "~1.0.5"
      }
    },
    "@writetome51/get-countup-countdown": {
      "version": "1.0.3",
      "resolved": "https://registry.npmjs.org/@writetome51/get-countup-countdown/-/get-countup-countdown-1.0.3.tgz",
      "integrity": "sha512-YxVpioau92H4YyuPjNb7xwWSFuWcTW8pcvNbg2nBNtI9qEhNuP74taz8cKMvdWa8Omg8r9kECgPun/iAyNctJw==",
      "dev": true
    },
    "@writetome51/get-left-of-decimal": {
      "version": "1.0.5",
      "resolved": "https://registry.npmjs.org/@writetome51/get-left-of-decimal/-/get-left-of-decimal-1.0.5.tgz",
      "integrity": "sha512-9kypz4kiqJLXhaerpHkJvn54b235ZwQBdGqu0hoP86LGiQILWh4gFFUa80woSKMqE/J3mTSd+Yi31kAZNEp5VQ==",
      "requires": {
        "error-if-not-finite-number": "~1.0.0"
      }
    },
    "@writetome51/get-page-batch": {
      "version": "0.0.1",
      "resolved": "https://registry.npmjs.org/@writetome51/get-page-batch/-/get-page-batch-0.0.1.tgz",
      "integrity": "sha512-KUUlC7tJGvUdcPJTCyUxgoZhg1d2Iei2HbSnqDPGW/y/uRxJtGfFa0fvWI0yxkj5o3M54T8KPj3yPJ6u84rniA==",
      "requires": {
        "@writetome51/batch-to-page-translator": "~0.0.2",
        "@writetome51/not": "~1.0.5"
      }
    },
    "@writetome51/get-property": {
      "version": "1.0.4",
      "resolved": "https://registry.npmjs.org/@writetome51/get-property/-/get-property-1.0.4.tgz",
      "integrity": "sha512-1/8HzxqhIAS/WHlxDh0tQaegBorqtxgzFgdlY8ckumIBJrjzdKS5wlvlycMJFQp+6FrCgr8GRya3pExLuKiyfg==",
      "requires": {
        "@writetome51/is-empty-not-empty": "~1.0.0",
        "error-if-not-object": "~1.0.0",
        "error-if-not-string": "~1.0.0"
      }
    },
    "@writetome51/get-rounded-up-down": {
      "version": "1.0.11",
      "resolved": "https://registry.npmjs.org/@writetome51/get-rounded-up-down/-/get-rounded-up-down-1.0.11.tgz",
      "integrity": "sha512-ifVWE59LtbBEahLVe+stEbrUESx9OxaN/Usn969J/MTrccWZ9ap+eEPn8enGOWtb0oCTmAhAx2S0/94mUcZ4ew==",
      "requires": {
        "@writetome51/get-left-of-decimal": "~1.0.5",
        "@writetome51/is-integer-is-float": "~1.0.0",
        "error-if-not-finite-number": "~1.0.0"
      }
    },
    "@writetome51/has-value-no-value": {
      "version": "1.0.2",
      "resolved": "https://registry.npmjs.org/@writetome51/has-value-no-value/-/has-value-no-value-1.0.2.tgz",
      "integrity": "sha512-p4ZyPK0hsBQrFkv0r0bxBfqMWttTDgAzyYx7H1QZVOnoGMz4k9ojurx3R+Nz5vhbzXPLKLFw75otpnR8yI5foA=="
    },
    "@writetome51/in-range": {
      "version": "1.0.4",
      "resolved": "https://registry.npmjs.org/@writetome51/in-range/-/in-range-1.0.4.tgz",
      "integrity": "sha512-Qtbe99LpeZkeXqfGzMGtdUU+hZYvRFL/WIF17menj6wIvlUrBq4ucncBwLl5PdOPYYBpiZnbit32SH6Cxge6ig==",
      "requires": {
        "error-if-not-finite-number": "~1.0.0"
      }
    },
    "@writetome51/index-is-valid": {
      "version": "1.0.1",
      "resolved": "https://registry.npmjs.org/@writetome51/index-is-valid/-/index-is-valid-1.0.1.tgz",
      "integrity": "sha512-2w7rcK92z+24wi39fSTVGqv7mqRZGu4KdmKriCdMa2ajmiM467xm31GDstJ5OlFpOqjKzge0j7+IExfT5ItI6Q==",
      "requires": {
        "error-if-not-integer": "~1.0.0"
      }
    },
    "@writetome51/is-array-not-array": {
      "version": "1.0.0",
      "resolved": "https://registry.npmjs.org/@writetome51/is-array-not-array/-/is-array-not-array-1.0.0.tgz",
      "integrity": "sha512-u3L1FTbTXKbC1lBVSnBwJ24qtrnyz10IbSAk7E9UgoYnn7jFw9+HuIVseoSIxPnPbn6JXesPDVLI/MYSey4rJQ=="
    },
    "@writetome51/is-empty-not-empty": {
      "version": "1.0.0",
      "resolved": "https://registry.npmjs.org/@writetome51/is-empty-not-empty/-/is-empty-not-empty-1.0.0.tgz",
      "integrity": "sha512-BHPiP5bHtY5+CMUpfMlMfnU+i/9aKtQTgPy+DSlnAe1u49afxLebO70CSK8c5qbFyQizoN1HEX1cbZiyY8jsfw==",
      "requires": {
        "error-if-not-integer-zero-or-greater": "~1.0.0"
      }
    },
    "@writetome51/is-finite-number": {
      "version": "1.0.0",
      "resolved": "https://registry.npmjs.org/@writetome51/is-finite-number/-/is-finite-number-1.0.0.tgz",
      "integrity": "sha512-xr1amNVh4HAfVbv9YbzGPvyo0gRykdwODNap3xMlhXIHkZJIuEsfRpuQzPkiEf+AWDxy/dcdwzVP9JMOnu8dUg=="
    },
    "@writetome51/is-integer-is-float": {
      "version": "1.0.0",
      "resolved": "https://registry.npmjs.org/@writetome51/is-integer-is-float/-/is-integer-is-float-1.0.0.tgz",
      "integrity": "sha512-j2qLoQaxXzwctUkWvj6Ce02qhoO0e79jCC1aHYG5wD0tapjlKSHfmXeV22Wtnba/Hg+ajSxvMYAhczKwBwa9pA==",
      "requires": {
        "@writetome51/is-finite-number": "~1.0.0"
      }
    },
    "@writetome51/is-object-not-object": {
      "version": "1.0.0",
      "resolved": "https://registry.npmjs.org/@writetome51/is-object-not-object/-/is-object-not-object-1.0.0.tgz",
      "integrity": "sha512-cOXtcCfTC5vQ1JT1s6GIgWp68ShC6q0qdUllxr3ZqwZ2exPGPNc0YS1h+nuv8T4rR23RCVJ58zoldBPlUDx8gA=="
    },
    "@writetome51/not": {
      "version": "1.0.5",
      "resolved": "https://registry.npmjs.org/@writetome51/not/-/not-1.0.5.tgz",
      "integrity": "sha512-aZWWAnbfb5zi0dkfUyiSQaC2Ag2LMbvWA6QzRLS0537XZ/DQOeUKUSsxIltZ9vFoPY8kPuCrS/30mC6+q/u81w=="
    },
    "@writetome51/page-loader": {
      "version": "1.0.1",
      "resolved": "https://registry.npmjs.org/@writetome51/page-loader/-/page-loader-1.0.1.tgz",
      "integrity": "sha512-tM+KR9W4R3WeibU/CbyVgxPlCrFFSRV1+OncJ9Bl6gVvx9E53tFko2EW2an6yVTUX/BouiYscjN43jx84PRHmw==",
      "requires": {
        "@writetome51/batch-to-page-translator": "~0.0.2",
        "@writetome51/not": "~1.0.5",
        "@writetome51/set-array": "~1.0.2"
      }
    },
    "@writetome51/pagination-batch-info": {
      "version": "1.0.0",
      "resolved": "https://registry.npmjs.org/@writetome51/pagination-batch-info/-/pagination-batch-info-1.0.0.tgz",
      "integrity": "sha512-oPmgz3UDsdd4mUycrXSxsmYnkyfqJXDd1DhjtcwjRRytSp4HVmX//+p+cgY4JH7cQx0lCCVOUsMtMw5pbANxmA==",
      "requires": {
        "@writetome51/base-class": "~1.0.0",
        "@writetome51/get-rounded-up-down": "~1.0.11",
        "@writetome51/has-value-no-value": "~1.0.2",
        "@writetome51/in-range": "~1.0.4",
        "@writetome51/not": "~1.0.5",
        "error-if-not-integer": "~1.0.0"
      },
      "dependencies": {
        "@writetome51/base-class": {
          "version": "1.0.0",
          "resolved": "https://registry.npmjs.org/@writetome51/base-class/-/base-class-1.0.0.tgz",
          "integrity": "sha512-nq67JUx4NQmTS8iWqxUtHIy7w/K9ICHtiuhQH01UyRTQLdSNSaFi+S7jxDDAQ351wdqDGOXJ8MQ80fuzr4v4hA==",
          "requires": {
            "@writetome51/get-property": "~1.0.4",
            "@writetome51/has-value-no-value": "~1.0.2"
          }
        }
      }
    },
    "@writetome51/pagination-page-info": {
      "version": "0.0.1",
      "resolved": "https://registry.npmjs.org/@writetome51/pagination-page-info/-/pagination-page-info-0.0.1.tgz",
      "integrity": "sha512-ATJnCHnV4BSZvtQRmwgWqT0LKrhlIaCw7QjpQsougVCBYvyIV4kNwLHmMTZaOg7Ij3x0vIlfUVwNnpcCIkibhQ==",
      "requires": {
        "@writetome51/base-class": "~1.0.0",
        "@writetome51/get-rounded-up-down": "~1.0.11"
      },
      "dependencies": {
        "@writetome51/base-class": {
          "version": "1.0.0",
          "resolved": "https://registry.npmjs.org/@writetome51/base-class/-/base-class-1.0.0.tgz",
          "integrity": "sha512-nq67JUx4NQmTS8iWqxUtHIy7w/K9ICHtiuhQH01UyRTQLdSNSaFi+S7jxDDAQ351wdqDGOXJ8MQ80fuzr4v4hA==",
          "requires": {
            "@writetome51/get-property": "~1.0.4",
            "@writetome51/has-value-no-value": "~1.0.2"
          }
        }
      }
    },
    "@writetome51/public-array-container": {
      "version": "2.0.3",
      "resolved": "https://registry.npmjs.org/@writetome51/public-array-container/-/public-array-container-2.0.3.tgz",
      "integrity": "sha512-msdhpa2/Q4N2COJbpQ0tabA6jE+gCdZzcuL/OFt4PcnhTFnf8WLMNjmGwA3qsqIQl7VQDO/XOfpFpQ9ICnQ9sw==",
      "requires": {
        "@writetome51/base-class": "~0.0.3",
        "error-if-not-array": "~1.0.0",
        "public-data-container-interface": "~1.0.3"
      }
    },
    "@writetome51/set-array": {
      "version": "1.0.2",
      "resolved": "https://registry.npmjs.org/@writetome51/set-array/-/set-array-1.0.2.tgz",
      "integrity": "sha512-+Q6sCvVmAqXQhj62Ldve2TpRuJQteN0VhNjBjv59Z9P47VB3jbSZBJlLcg0U+pTHsNhWNduN2KD85ynn5qWcKw==",
      "requires": {
        "error-if-values-are-not-arrays": "~1.0.2"
      }
    },
    "error-if-array-too-short-to-meet-adjacent-items-request": {
      "version": "1.0.1",
      "resolved": "https://registry.npmjs.org/error-if-array-too-short-to-meet-adjacent-items-request/-/error-if-array-too-short-to-meet-adjacent-items-request-1.0.1.tgz",
      "integrity": "sha512-mmZZM9/PhS1hrfCAHqNx5cSPdbMzph3nKL0AfpnOV1+NFrZW3Wy9ZvcB6CaDlnvjLcDru09RRUatp1RF8iVyMg=="
    },
    "error-if-index-how-many-or-array-are-not-valid": {
      "version": "1.0.1",
      "resolved": "https://registry.npmjs.org/error-if-index-how-many-or-array-are-not-valid/-/error-if-index-how-many-or-array-are-not-valid-1.0.1.tgz",
      "integrity": "sha512-eCOwZ8TxzhQ33FNIz/XWkZoeOXrxroPzUOc15gyRw6sCWV/o7vJ+iztdRiJrlA6IK0n6bbDU7S2M3D8FiK6Crg==",
      "requires": {
        "error-if-index-not-valid": "~1.0.0",
        "error-if-not-array": "~1.0.0",
        "error-if-not-integer-zero-or-greater": "~1.0.0"
      }
    },
    "error-if-index-not-valid": {
      "version": "1.0.0",
      "resolved": "https://registry.npmjs.org/error-if-index-not-valid/-/error-if-index-not-valid-1.0.0.tgz",
      "integrity": "sha512-jvm5tfD6XRd62V1UENmmmDpUefm7LfT5ksu5f+dbrRqDAZXZKK3KvqcHaIp78YhjZKUipAIZQSNKUpNQbY5Ktw==",
      "requires": {
        "@writetome51/index-is-valid": "~1.0.0"
      }
    },
    "error-if-not-array": {
      "version": "1.0.0",
      "resolved": "https://registry.npmjs.org/error-if-not-array/-/error-if-not-array-1.0.0.tgz",
      "integrity": "sha512-Rh2IEwUKK9+60FnaBBJxaLwF8V2NrQPOBSJQePZqzCNUp+n6ETIOfyA4tKfoN8xaCD2dawmiRMWKgErM6vjE8Q==",
      "requires": {
        "@writetome51/is-array-not-array": "~1.0.0"
      }
    },
    "error-if-not-finite-number": {
      "version": "1.0.0",
      "resolved": "https://registry.npmjs.org/error-if-not-finite-number/-/error-if-not-finite-number-1.0.0.tgz",
      "integrity": "sha512-/G8OPGiHP4NLTuXmx28oOGCuj+KSyoOcor5ON3j8IVVR7aDGVA2LbZzyQXRGS2BTaMt0GnROR7amgzpXku2H5w==",
      "requires": {
        "@writetome51/is-finite-number": "~1.0.0"
      }
    },
    "error-if-not-integer": {
      "version": "1.0.0",
      "resolved": "https://registry.npmjs.org/error-if-not-integer/-/error-if-not-integer-1.0.0.tgz",
      "integrity": "sha512-Ut8ZDsm8/y1lB/rbByzZXbx61db7t2zh9LsjtsiIKFQiWhlZw3cFBMt0fU3DrakhVfZVD50txCX9gClde3abDw==",
      "requires": {
        "@writetome51/is-integer-is-float": "~1.0.0",
        "error-if-not-finite-number": "~1.0.0"
      }
    },
    "error-if-not-integer-zero-or-greater": {
      "version": "1.0.0",
      "resolved": "https://registry.npmjs.org/error-if-not-integer-zero-or-greater/-/error-if-not-integer-zero-or-greater-1.0.0.tgz",
      "integrity": "sha512-m+KocWV9yaF0eZaLbwtz8jD7cfpiZWqDc9cOLe/4QJfp/lpqlJUVan1CcbUsGciFwUYQdSybyy6gxD9jsDkSIw==",
      "requires": {
        "error-if-not-integer": "~1.0.0"
      }
    },
    "error-if-not-object": {
      "version": "1.0.0",
      "resolved": "https://registry.npmjs.org/error-if-not-object/-/error-if-not-object-1.0.0.tgz",
      "integrity": "sha512-XtxQEQ8OkDa/6CTMOmioqb+ymaduI2k8mSAx6YWdwyrnFFxh8L+XygSuj5Rt7NoaciiNJxZHYrsksgo+uSECCA==",
      "requires": {
        "@writetome51/is-object-not-object": "~1.0.0"
      }
    },
    "error-if-not-string": {
      "version": "1.0.0",
      "resolved": "https://registry.npmjs.org/error-if-not-string/-/error-if-not-string-1.0.0.tgz",
      "integrity": "sha512-E6wtxXWm8q0me18Jd8NdLXhmvEzsqCt1Rsexil3N2xOPOl5Tj647f3DgzHXkzN2pXS80S8yPGNbpVBSqgmRukQ=="
    },
    "error-if-values-are-not-arrays": {
      "version": "1.0.3",
      "resolved": "https://registry.npmjs.org/error-if-values-are-not-arrays/-/error-if-values-are-not-arrays-1.0.3.tgz",
      "integrity": "sha512-YzO5HykTObGeEp33nVl6VSFOQWw5QJ7BH9YoSzLNZh+sx0TFVB+xDXVBb+OkYiTQuVDHDSFbWRQwXLiVv5EqEg==",
      "requires": {
        "error-if-not-array": "~1.0.0"
      }
    },
    "public-data-container-interface": {
      "version": "1.0.3",
      "resolved": "https://registry.npmjs.org/public-data-container-interface/-/public-data-container-interface-1.0.3.tgz",
      "integrity": "sha512-/Ol+b7P3E/utnNkr/dwXZaVyYKt0/MnWiUxTCZmmLIjhfeMInR6Ki8sHgW7ESdUbQ3SyHZK5u03K1ifnUcxIIw=="
    }
  }
}
