{
  "name": "@writetome51/big-dataset-paginator",
  "version": "1.0.1",
  "lockfileVersion": 1,
  "requires": true,
  "dependencies": {
    "@arr/every": {
      "version": "1.0.1",
      "resolved": "https://registry.npmjs.org/@arr/every/-/every-1.0.1.tgz",
      "integrity": "sha512-UQFQ6SgyJ6LX42W8rHCs8KVc0JS0tzVL9ct4XYedJukskYVWTo49tNiMEK9C2HTyarbNiT/RVIRSY82vH+6sTg==",
      "dev": true
    },
    "@writetome51/abstract-big-dataset-paginator": {
      "version": "1.0.0",
      "resolved": "https://registry.npmjs.org/@writetome51/abstract-big-dataset-paginator/-/abstract-big-dataset-paginator-1.0.0.tgz",
      "integrity": "sha512-lz81SF2W0HXLtpGNukbo3dlZdOstwFsFF08ehzDcQaaO1tzJEST79ohBAy8DR+1aMKNiEsACHA3/bAFMGvAJLA=="
    },
    "@writetome51/array-get-adjacent-at": {
      "version": "2.0.2",
      "resolved": "https://registry.npmjs.org/@writetome51/array-get-adjacent-at/-/array-get-adjacent-at-2.0.2.tgz",
      "integrity": "sha512-7nbnQwJnyWgxc19CpZkuHhP1ttKXG5xx3aIIprss/CYZdqLnUQZOCtplyl0IrqaFI9LXXspJ9X7tIj+50yFp6w==",
      "requires": {
        "error-if-array-too-short-to-meet-adjacent-items-request": "^2.0.0",
        "error-if-index-how-many-or-array-are-not-valid": "^2.0.1"
      }
    },
    "@writetome51/array-get-head-tail": {
      "version": "2.0.0",
      "resolved": "https://registry.npmjs.org/@writetome51/array-get-head-tail/-/array-get-head-tail-2.0.0.tgz",
      "integrity": "sha512-DqfD2bLOhkY4DHxd2pOXwIZS+DKJCJarmkAOgg6BMl2glEwISBr0tpYwhR/2U8AY+Yaa7qOoLNS22ZHtHqKSJw==",
      "requires": {
        "@writetome51/array-get-adjacent-at": "^2.0.0"
      }
    },
    "@writetome51/array-get-page": {
      "version": "1.0.1",
      "resolved": "https://registry.npmjs.org/@writetome51/array-get-page/-/array-get-page-1.0.1.tgz",
      "integrity": "sha512-JN6Ec/FYhxtQas85CUckTkIRRAGf6YscB/LX9BLBmBrZAidqZjDoF4Y7yT+FjAh0wScKgyzoelXOInboNcCXdw==",
      "requires": {
        "@writetome51/array-get-adjacent-at": "^2.0.2",
        "@writetome51/array-get-head-tail": "^2.0.0",
        "@writetome51/get-rounded-up-down": "^3.0.0",
        "@writetome51/in-range": "^2.0.2",
        "@writetome51/not": "^2.0.0"
      }
    },
    "@writetome51/array-paginator": {
      "version": "8.0.1",
      "resolved": "https://registry.npmjs.org/@writetome51/array-paginator/-/array-paginator-8.0.1.tgz",
      "integrity": "sha512-tOu6ynI7OS+t/3KzImLHY1DnYa0tV20TR74yjKQ+nKJzsz2+gLcNHcCjjWVX78nxnf0dJbtsKUwlmRaZ5ujXWg==",
      "requires": {
        "@writetome51/array-get-page": "^1.0.1",
        "@writetome51/get-rounded-up-down": "^3.0.0",
        "@writetome51/public-array-container": "^4.0.0"
      }
    },
    "@writetome51/arrays-match": {
      "version": "2.0.2",
      "resolved": "https://registry.npmjs.org/@writetome51/arrays-match/-/arrays-match-2.0.2.tgz",
      "integrity": "sha512-dpp3cIH0o8eaZ73uKC0eSrhn0sgnE5fd5gJK4q123MrBIfF8KnjV4h1udWxcZa7LdYLpGHTCfJRlUuVs9zkWxA==",
      "dev": true,
      "requires": {
        "@arr/every": "^1.0.1",
        "@writetome51/is-array-not-array": "^2.0.0",
        "@writetome51/is-empty-not-empty": "^2.0.1",
        "error-if-values-are-not-arrays": "^2.0.1"
      }
    },
    "@writetome51/base-class": {
      "version": "2.0.0",
      "resolved": "https://registry.npmjs.org/@writetome51/base-class/-/base-class-2.0.0.tgz",
      "integrity": "sha512-x29BNOKD7xRg6teq0E9J3mUZfMUEQdslmncD1o7lthzElkP3KAdBMCUY1N66Az3j6kEOY2EZ5UueVZmRxJygQA==",
      "requires": {
        "@writetome51/get-property": "^2.0.0",
        "@writetome51/has-value-no-value": "^2.0.0"
      }
    },
    "@writetome51/get-arr-filled": {
      "version": "0.0.2",
      "resolved": "https://registry.npmjs.org/@writetome51/get-arr-filled/-/get-arr-filled-0.0.2.tgz",
      "integrity": "sha512-w2FPc2N+qGHr6mNQsOkuv+3sBvv03Ki5LeIW1Vq5A/mba4E1VrdjrwA7pAwkd6stcsuMqlI3+wrcjJ4usAQaSw==",
      "dev": true
    },
    "@writetome51/get-countup-countdown": {
      "version": "2.0.1",
      "resolved": "https://registry.npmjs.org/@writetome51/get-countup-countdown/-/get-countup-countdown-2.0.1.tgz",
      "integrity": "sha512-eepIoXZGY3Zq/7Q2lf49hrdZHC+wh+UZ+WJJncc2i5B7dDUUMx1HpIX1kMCNo2hh89/Q+Uc0dhI1+PoqftRjsA==",
      "dev": true,
      "requires": {
        "@writetome51/get-arr-filled": "^0.0.2"
      }
    },
    "@writetome51/get-left-of-decimal": {
      "version": "3.0.0",
      "resolved": "https://registry.npmjs.org/@writetome51/get-left-of-decimal/-/get-left-of-decimal-3.0.0.tgz",
      "integrity": "sha512-kC6GBiFaZyw8P3JWWFDG2DmsUij4Q2PiCN0DsEgIUHgFFIWUgfzLHntRaQchjgigxTwSE0JFiW9FO4GFX6dhBg=="
    },
    "@writetome51/get-property": {
      "version": "2.0.2",
      "resolved": "https://registry.npmjs.org/@writetome51/get-property/-/get-property-2.0.2.tgz",
      "integrity": "sha512-LzPODGAfd0SDEIuwXBgKx+RrldorI+3lQGGYCLg8kMfBG+sM2M463KYUAf+j6ENQ9G48ZCbsX7SHdPLvsns0gg=="
    },
    "@writetome51/get-right-of-decimal": {
      "version": "2.0.2",
      "resolved": "https://registry.npmjs.org/@writetome51/get-right-of-decimal/-/get-right-of-decimal-2.0.2.tgz",
      "integrity": "sha512-mUHHmvTakWmmBDNlTy/bAlyXsdmeNpodbBdS/kHW6GFlfrMo0DNzuIqbtwegG2pvtALAhYSwLr3rDlwmeIV97Q==",
      "requires": {
        "@writetome51/to-str": ">=0.0.1",
        "error-if-not-float": ">=2.0.0"
      }
    },
    "@writetome51/get-rounded-up-down": {
      "version": "3.0.1",
      "resolved": "https://registry.npmjs.org/@writetome51/get-rounded-up-down/-/get-rounded-up-down-3.0.1.tgz",
      "integrity": "sha512-3dVuL56RXJTEkHfbfHti+pulL/yL5OC1gDjcNJzzy5KjwSIqaS/TIj1kG8g9Zj2mPZV3oGZEpkxSdwZn0ThMiA==",
      "requires": {
        "@writetome51/get-left-of-decimal": ">=3.0.0",
        "@writetome51/get-right-of-decimal": ">=2.0.2",
        "@writetome51/is-integer-is-float": ">=2.0.1",
        "@writetome51/is-odd-is-even": ">=2.0.0",
        "error-if-not-finite-number": ">=2.0.1"
      }
    },
    "@writetome51/has-value-no-value": {
      "version": "2.0.0",
      "resolved": "https://registry.npmjs.org/@writetome51/has-value-no-value/-/has-value-no-value-2.0.0.tgz",
      "integrity": "sha512-ArFqWggtrr9sbi8/WEBNZLYlk7j8QesRWhaeHQdwc6tgfbjqibWVY6zrdL9UjCnqlEKPT2dNBcMj96gPfUqDoQ=="
    },
    "@writetome51/in-range": {
      "version": "2.0.2",
      "resolved": "https://registry.npmjs.org/@writetome51/in-range/-/in-range-2.0.2.tgz",
      "integrity": "sha512-tic7z/9nLWo67a1AIS787HyJG/VVWgE3qOT1vddcZTPBbde2hJFQWiJNpE9Zr/tiJwXOA6qHxXzARyunAPz5Pg=="
    },
    "@writetome51/index-is-valid": {
      "version": "2.0.1",
      "resolved": "https://registry.npmjs.org/@writetome51/index-is-valid/-/index-is-valid-2.0.1.tgz",
      "integrity": "sha512-88BNF7+JWu4BEGyJHsw4eewlEIokegY2plwNlrhgxQCyB8gnVwuNGvThvhxvIV7cuyFeYx+ViNDESxX/WSIL1g=="
    },
    "@writetome51/is-array-not-array": {
      "version": "2.0.0",
      "resolved": "https://registry.npmjs.org/@writetome51/is-array-not-array/-/is-array-not-array-2.0.0.tgz",
      "integrity": "sha512-IVc3BgxLuBsSPzteYbwpgOYyqP0DjpIMsPbjSOrCeMAGvJhojLBiBkw/I70faMs6iuPalOklfGm60XcRU7aZ3g==",
      "dev": true
    },
    "@writetome51/is-empty-not-empty": {
      "version": "2.0.1",
      "resolved": "https://registry.npmjs.org/@writetome51/is-empty-not-empty/-/is-empty-not-empty-2.0.1.tgz",
      "integrity": "sha512-wpB7AUlNywDhEjlsZZNRBAsp+55458Ot6A7tcr8maAR9+6YS62hYFapn/Ko6jjF9P4FlDKlrMyEPiGnF8b1rbQ==",
      "dev": true,
      "requires": {
        "error-if-not-finite-number": "^2.0.0"
      }
    },
    "@writetome51/is-integer-is-float": {
      "version": "2.0.1",
      "resolved": "https://registry.npmjs.org/@writetome51/is-integer-is-float/-/is-integer-is-float-2.0.1.tgz",
      "integrity": "sha512-RfO1UDw/ROcwpx0pjGpWfRUOL+9UFz2nV+WSilWzznSZsKJzN7xPlLSH0JiTdhlUNG74CSg2pxpshFMpaEogxg=="
    },
    "@writetome51/is-odd-is-even": {
      "version": "2.0.0",
      "resolved": "https://registry.npmjs.org/@writetome51/is-odd-is-even/-/is-odd-is-even-2.0.0.tgz",
      "integrity": "sha512-IPTTiVVdPsgzgB0WqaPLbtf5X/uyfegy6tu8maRRPWobC2IYxbRfzJ9mlXlCCrc/1Wka6ZkaV7zJRG7NJ7P4fw==",
      "requires": {
        "error-if-not-integer": "^2.0.0"
      }
    },
    "@writetome51/loaded-page": {
      "version": "0.0.1",
      "resolved": "https://registry.npmjs.org/@writetome51/loaded-page/-/loaded-page-0.0.1.tgz",
      "integrity": "sha512-rRmyQr8ntSbeoiupgJT9lnvaO7RUXcntJR6GI+qtkVgM1T7/k/Igd1Ol3454Pz2ASvyUhal4ySf2idtSqjbVoA==",
      "requires": {
        "@writetome51/array-paginator": ">=8.0.1",
        "@writetome51/get-rounded-up-down": ">=3.0.1",
        "@writetome51/has-value-no-value": ">=2.0.0",
        "@writetome51/in-range": ">=2.0.2",
        "@writetome51/not": ">=2.0.0"
      }
    },
    "@writetome51/not": {
      "version": "2.0.0",
      "resolved": "https://registry.npmjs.org/@writetome51/not/-/not-2.0.0.tgz",
      "integrity": "sha512-CS+S0XafZPStxI16/27TBIfQETu5JfvD9VPBbw7sr42Vjotv6q02IjtwLgfAVcjQlsj+IL5I+2Hs6uoI7kinmA=="
    },
    "@writetome51/public-array-container": {
      "version": "4.0.0",
      "resolved": "https://registry.npmjs.org/@writetome51/public-array-container/-/public-array-container-4.0.0.tgz",
      "integrity": "sha512-n/xEtAb8w6QK9dOf5Ct9Y8OFpYG+RmnOz0dTMcBGL5sw43ESaFxZgqDowskC79+3HmVSzkoFy6aw4Rd05a/ZXA==",
      "requires": {
        "@writetome51/base-class": "^2.0.0",
        "error-if-not-array": "^2.0.0"
      }
    },
    "@writetome51/to-str": {
      "version": "0.0.1",
      "resolved": "https://registry.npmjs.org/@writetome51/to-str/-/to-str-0.0.1.tgz",
      "integrity": "sha512-DtS7pjaf2moRZSrdI4TCLRMVguQ75Djm3jEgv/SjzIycbdYdKYVHQE6iIQX/fF2JJ10FJ48G4w42vgNd9W5xTQ=="
    },
    "error-if-array-too-short-to-meet-adjacent-items-request": {
      "version": "2.0.0",
      "resolved": "https://registry.npmjs.org/error-if-array-too-short-to-meet-adjacent-items-request/-/error-if-array-too-short-to-meet-adjacent-items-request-2.0.0.tgz",
      "integrity": "sha512-VJl7jkZ6tS0ahw4qlMlvlLMhMmml8oSdWmQn9Eanuo6iNr302aNkeF3IwnCdprUcmRw/3a2vZFVM3fJBW262fw=="
    },
    "error-if-index-how-many-or-array-are-not-valid": {
      "version": "2.0.1",
      "resolved": "https://registry.npmjs.org/error-if-index-how-many-or-array-are-not-valid/-/error-if-index-how-many-or-array-are-not-valid-2.0.1.tgz",
      "integrity": "sha512-FsBclMV37Q/ULCQf1t1gxHAgQP2SZIR8eo23VktcVCTZbjtDuiSzHKhDjHJEFK2/1I1uTUF4O+cfK/+xlpZCgQ==",
      "requires": {
        "error-if-index-not-valid": "^2.0.0",
        "error-if-not-array": "^2.0.0",
        "error-if-not-integer": "^2.0.0"
      }
    },
    "error-if-index-not-valid": {
      "version": "2.0.0",
      "resolved": "https://registry.npmjs.org/error-if-index-not-valid/-/error-if-index-not-valid-2.0.0.tgz",
      "integrity": "sha512-YHcWv6Iwuhc+rTJrCwdbMMEP3cR9lPDzAfAPHJotdCXxFmyV9k+PtcFrc6CHrf4KU9AG8FLQ0SZ1wb+iZtUZRQ==",
      "requires": {
        "@writetome51/index-is-valid": "^2.0.0"
      }
    },
    "error-if-not-array": {
      "version": "2.0.0",
      "resolved": "https://registry.npmjs.org/error-if-not-array/-/error-if-not-array-2.0.0.tgz",
      "integrity": "sha512-kBAYpWy9xGjELgGqmS2QPbRJPXfacAxBwgitXIwMEglY0p3C2p4++sf3uDszXaDoy4cwgGrFj+FkthsxQFh/ag=="
    },
    "error-if-not-finite-number": {
      "version": "2.0.1",
      "resolved": "https://registry.npmjs.org/error-if-not-finite-number/-/error-if-not-finite-number-2.0.1.tgz",
      "integrity": "sha512-lJCeBRfsEfAaPfrpt6+apvV0IoyOyLwH7x7t/62KTwTCw2BPHcCUvSN83WFD3/nfs4lKJE8gtPxTFMYRGqX4gg==",
      "requires": {
        "@writetome51/not": ">=2.0.0"
      }
    },
    "error-if-not-float": {
      "version": "2.0.0",
      "resolved": "https://registry.npmjs.org/error-if-not-float/-/error-if-not-float-2.0.0.tgz",
      "integrity": "sha512-Cbis3CVS0tA3aEm1uTBQl93Sv08yeAqOofEu+SFF9Uu7/Hgn505LM5qpi6QJfQtYLTcmN4DoUCNQBda1uQJwXg==",
      "requires": {
        "@writetome51/is-integer-is-float": "^2.0.0",
        "error-if-not-finite-number": "^2.0.0"
      }
    },
    "error-if-not-integer": {
      "version": "2.0.1",
      "resolved": "https://registry.npmjs.org/error-if-not-integer/-/error-if-not-integer-2.0.1.tgz",
      "integrity": "sha512-ALEtf7K9/u/KB9c92fdFDba3kke7Z6sJ0IxN5DobI19PYyLRFwgcAUG0QDmjtgTwE9X9ZmV9YaiW8RsbrNr+bA==",
      "requires": {
        "@writetome51/is-integer-is-float": "^2.0.1"
      }
    },
    "error-if-values-are-not-arrays": {
      "version": "2.0.1",
      "resolved": "https://registry.npmjs.org/error-if-values-are-not-arrays/-/error-if-values-are-not-arrays-2.0.1.tgz",
      "integrity": "sha512-DiK9y6+4toBSg1glPr0yTkI7SfaFo4FCVyNuLaKLuuH++z10XnVE/zV2m+sAw1QWL7RlhxFJU1/SnkwFWker7g==",
      "dev": true,
      "requires": {
        "error-if-not-array": "^2.0.0"
      }
    }
  }
}
