{
  "name": "@writetome51/big-dataset-paginator",
  "version": "1.0.1",
  "lockfileVersion": 1,
  "requires": true,
  "dependencies": {
    "@arr/every": {
      "version": "1.0.1",
      "resolved": "https://registry.npmjs.org/@arr/every/-/every-1.0.1.tgz",
      "integrity": "sha512-UQFQ6SgyJ6LX42W8rHCs8KVc0JS0tzVL9ct4XYedJukskYVWTo49tNiMEK9C2HTyarbNiT/RVIRSY82vH+6sTg==",
      "dev": true
    },
    "@writetome51/abstract-big-dataset-paginator": {
      "version": "1.0.0",
      "resolved": "https://registry.npmjs.org/@writetome51/abstract-big-dataset-paginator/-/abstract-big-dataset-paginator-1.0.0.tgz",
      "integrity": "sha512-lz81SF2W0HXLtpGNukbo3dlZdOstwFsFF08ehzDcQaaO1tzJEST79ohBAy8DR+1aMKNiEsACHA3/bAFMGvAJLA=="
    },
    "@writetome51/array-get-adjacent-at": {
      "version": "2.0.2",
      "resolved": "https://registry.npmjs.org/@writetome51/array-get-adjacent-at/-/array-get-adjacent-at-2.0.2.tgz",
      "integrity": "sha512-7nbnQwJnyWgxc19CpZkuHhP1ttKXG5xx3aIIprss/CYZdqLnUQZOCtplyl0IrqaFI9LXXspJ9X7tIj+50yFp6w==",
      "requires": {
        "error-if-array-too-short-to-meet-adjacent-items-request": "^2.0.0",
        "error-if-index-how-many-or-array-are-not-valid": "^2.0.1"
      }
    },
    "@writetome51/array-get-head-tail": {
      "version": "2.0.0",
      "resolved": "https://registry.npmjs.org/@writetome51/array-get-head-tail/-/array-get-head-tail-2.0.0.tgz",
      "integrity": "sha512-DqfD2bLOhkY4DHxd2pOXwIZS+DKJCJarmkAOgg6BMl2glEwISBr0tpYwhR/2U8AY+Yaa7qOoLNS22ZHtHqKSJw==",
      "requires": {
        "@writetome51/array-get-adjacent-at": "^2.0.0"
      }
    },
    "@writetome51/array-get-page": {
      "version": "1.0.0",
      "resolved": "https://registry.npmjs.org/@writetome51/array-get-page/-/array-get-page-1.0.0.tgz",
      "integrity": "sha512-0Qb4vsr6gVvl4NpXZ8RxWei5pT1f3K0QcO66fSOJVcVA7/kyYVr7FQULkkYP1+OmOhxZuIakvJgGIb2O4ThQHw==",
      "requires": {
        "@writetome51/array-get-adjacent-at": "^2.0.0",
        "@writetome51/array-get-head-tail": "^2.0.0",
        "@writetome51/get-rounded-up-down": "^2.0.0",
        "@writetome51/in-range": "^2.0.0",
        "@writetome51/not": "^2.0.0"
      }
    },
    "@writetome51/array-paginator": {
      "version": "8.0.0",
      "resolved": "https://registry.npmjs.org/@writetome51/array-paginator/-/array-paginator-8.0.0.tgz",
      "integrity": "sha512-A2TeJchQpHrf0FbYJPPIEf2da9t9g0SjM7UyOYprWq0uwFc96f2CVJIxDZ7l6/2LQIn8QV2ScgNNzZvJZ0gdnA==",
      "requires": {
        "@writetome51/array-get-page": "^1.0.0",
        "@writetome51/get-rounded-up-down": "^2.0.0",
        "@writetome51/public-array-container": "^4.0.0"
      }
    },
    "@writetome51/arrays-match": {
      "version": "2.0.1",
      "resolved": "https://registry.npmjs.org/@writetome51/arrays-match/-/arrays-match-2.0.1.tgz",
      "integrity": "sha512-JGaTMqqvhVyRPQQpK1Ks+3jlLMb3nXpxnSCul5UwXIy88SG6bXw8/oq+SsX+MsjqiUlub6oLNIg4r889rluBOw==",
      "dev": true,
      "requires": {
        "@arr/every": "^1.0.1",
        "@writetome51/is-array-not-array": "^2.0.0",
        "@writetome51/is-empty-not-empty": "^2.0.1",
        "error-if-values-are-not-arrays": "^2.0.1"
      }
    },
    "@writetome51/base-class": {
      "version": "2.0.0",
      "resolved": "https://registry.npmjs.org/@writetome51/base-class/-/base-class-2.0.0.tgz",
      "integrity": "sha512-x29BNOKD7xRg6teq0E9J3mUZfMUEQdslmncD1o7lthzElkP3KAdBMCUY1N66Az3j6kEOY2EZ5UueVZmRxJygQA==",
      "requires": {
        "@writetome51/get-property": "^2.0.0",
        "@writetome51/has-value-no-value": "^2.0.0"
      }
    },
    "@writetome51/current-page": {
      "version": "2.0.0",
      "resolved": "https://registry.npmjs.org/@writetome51/current-page/-/current-page-2.0.0.tgz",
      "integrity": "sha512-sVB8G0VW4+fUydzhqFvt/vkWyDl2JFakugI9SVdNtlEeC79eq/N97tcBCUhvfq8/GaRU0JnvemE9ougB7cZp0A==",
      "requires": {
        "@writetome51/array-paginator": "^8.0.0",
        "@writetome51/get-rounded-up-down": "^2.0.0",
        "@writetome51/has-value-no-value": "^2.0.0",
        "@writetome51/in-range": "^2.0.1",
        "@writetome51/not": "^2.0.0",
        "@writetome51/set-array": "^2.0.1"
      }
    },
    "@writetome51/get-arr-filled": {
      "version": "0.0.2",
      "resolved": "https://registry.npmjs.org/@writetome51/get-arr-filled/-/get-arr-filled-0.0.2.tgz",
      "integrity": "sha512-w2FPc2N+qGHr6mNQsOkuv+3sBvv03Ki5LeIW1Vq5A/mba4E1VrdjrwA7pAwkd6stcsuMqlI3+wrcjJ4usAQaSw==",
      "dev": true
    },
    "@writetome51/get-countup-countdown": {
      "version": "2.0.1",
      "resolved": "https://registry.npmjs.org/@writetome51/get-countup-countdown/-/get-countup-countdown-2.0.1.tgz",
      "integrity": "sha512-eepIoXZGY3Zq/7Q2lf49hrdZHC+wh+UZ+WJJncc2i5B7dDUUMx1HpIX1kMCNo2hh89/Q+Uc0dhI1+PoqftRjsA==",
      "dev": true,
      "requires": {
        "@writetome51/get-arr-filled": "^0.0.2"
      }
    },
    "@writetome51/get-left-of-decimal": {
      "version": "2.0.0",
      "resolved": "https://registry.npmjs.org/@writetome51/get-left-of-decimal/-/get-left-of-decimal-2.0.0.tgz",
      "integrity": "sha512-dGgsOIIQ7ynIXe4dWyPShfebmfxEjaFMD7Mdsodka+OQEvdBrFvtkIDqQttMGo7l0JXz1bs321LdCgorxhuAZw==",
      "requires": {
        "error-if-not-finite-number": "^2.0.0"
      }
    },
    "@writetome51/get-property": {
      "version": "2.0.0",
      "resolved": "https://registry.npmjs.org/@writetome51/get-property/-/get-property-2.0.0.tgz",
      "integrity": "sha512-cOD4p3HfFrkIdgAgky+4PisDZjkdwRlcSHc2fE5g0Y/+vJ2QfA7QLo2sxZnu9kbQXzwBaEhnBzt6OwXWA/ER0g==",
      "requires": {
        "error-if-length-is-zero": "^1.0.1",
        "error-if-not-object": "^2.0.0"
      }
    },
    "@writetome51/get-rounded-up-down": {
      "version": "2.0.0",
      "resolved": "https://registry.npmjs.org/@writetome51/get-rounded-up-down/-/get-rounded-up-down-2.0.0.tgz",
      "integrity": "sha512-YN+fZtfCEI3OE1+Nzyanvp8/MSculkYdwC7VoccGt+7N1Oi1brwpsVbQnuQfvvcgH9zJ5qmYrmbVl129duPw5w==",
      "requires": {
        "@writetome51/get-left-of-decimal": "^2.0.0",
        "@writetome51/is-integer-is-float": "^2.0.0",
        "error-if-not-finite-number": "^2.0.0"
      }
    },
    "@writetome51/has-value-no-value": {
      "version": "2.0.0",
      "resolved": "https://registry.npmjs.org/@writetome51/has-value-no-value/-/has-value-no-value-2.0.0.tgz",
      "integrity": "sha512-ArFqWggtrr9sbi8/WEBNZLYlk7j8QesRWhaeHQdwc6tgfbjqibWVY6zrdL9UjCnqlEKPT2dNBcMj96gPfUqDoQ=="
    },
    "@writetome51/in-range": {
      "version": "2.0.1",
      "resolved": "https://registry.npmjs.org/@writetome51/in-range/-/in-range-2.0.1.tgz",
      "integrity": "sha512-aFlkEqUwXTCgml9ZJOq0zQ5vKKATROXxP/by/TgcTMwtLsZ8NrGsHr/L7eLXbllKamdW1847KX3F9Wd4C7oQqA==",
      "requires": {
        "error-if-not-finite-number": "^2.0.0"
      }
    },
    "@writetome51/index-is-valid": {
      "version": "2.0.0",
      "resolved": "https://registry.npmjs.org/@writetome51/index-is-valid/-/index-is-valid-2.0.0.tgz",
      "integrity": "sha512-Nmed46ugpEwI+q+k7Zy4XH8yL4IuMZA2FkCzVCE+qS0p+h9VmUwBXclF4FYUx1Io7l5Vvtvyj5IyzPZOHDnR9Q==",
      "requires": {
        "error-if-not-integer": "^2.0.0"
      }
    },
    "@writetome51/is-array-not-array": {
      "version": "2.0.0",
      "resolved": "https://registry.npmjs.org/@writetome51/is-array-not-array/-/is-array-not-array-2.0.0.tgz",
      "integrity": "sha512-IVc3BgxLuBsSPzteYbwpgOYyqP0DjpIMsPbjSOrCeMAGvJhojLBiBkw/I70faMs6iuPalOklfGm60XcRU7aZ3g==",
      "dev": true
    },
    "@writetome51/is-empty-not-empty": {
      "version": "2.0.1",
      "resolved": "https://registry.npmjs.org/@writetome51/is-empty-not-empty/-/is-empty-not-empty-2.0.1.tgz",
      "integrity": "sha512-wpB7AUlNywDhEjlsZZNRBAsp+55458Ot6A7tcr8maAR9+6YS62hYFapn/Ko6jjF9P4FlDKlrMyEPiGnF8b1rbQ==",
      "dev": true,
      "requires": {
        "error-if-not-finite-number": "^2.0.0"
      }
    },
    "@writetome51/is-finite-number": {
      "version": "2.0.0",
      "resolved": "https://registry.npmjs.org/@writetome51/is-finite-number/-/is-finite-number-2.0.0.tgz",
      "integrity": "sha512-mVQxcMuSjRZvG2MxM4KFerGLNuhaeoVR7vC6itSnx/DNTENm0YHPNqh4E7FqjMt94pnis/iwhSnSpKouf88CDA=="
    },
    "@writetome51/is-integer-is-float": {
      "version": "2.0.0",
      "resolved": "https://registry.npmjs.org/@writetome51/is-integer-is-float/-/is-integer-is-float-2.0.0.tgz",
      "integrity": "sha512-5SbWU1X1mAqm4expj+/g0+j5oQojH0JTa9uDwALpsZHgZZ2wkRGwqI0pvWLAw1BVCOWhPycC1AMjGCj/ZnfN0g==",
      "requires": {
        "@writetome51/is-finite-number": "^2.0.0"
      }
    },
    "@writetome51/is-object-not-object": {
      "version": "2.0.0",
      "resolved": "https://registry.npmjs.org/@writetome51/is-object-not-object/-/is-object-not-object-2.0.0.tgz",
      "integrity": "sha512-CuydlACtzhrGryvL05k2WF35utLWrwYoSEK7bLcW1iSlcf3AkZ/own6WwODIpsMvLJfpTv5KFeJ1BEPvkZKGIw=="
    },
    "@writetome51/not": {
      "version": "2.0.0",
      "resolved": "https://registry.npmjs.org/@writetome51/not/-/not-2.0.0.tgz",
      "integrity": "sha512-CS+S0XafZPStxI16/27TBIfQETu5JfvD9VPBbw7sr42Vjotv6q02IjtwLgfAVcjQlsj+IL5I+2Hs6uoI7kinmA=="
    },
    "@writetome51/public-array-container": {
      "version": "4.0.0",
      "resolved": "https://registry.npmjs.org/@writetome51/public-array-container/-/public-array-container-4.0.0.tgz",
      "integrity": "sha512-n/xEtAb8w6QK9dOf5Ct9Y8OFpYG+RmnOz0dTMcBGL5sw43ESaFxZgqDowskC79+3HmVSzkoFy6aw4Rd05a/ZXA==",
      "requires": {
        "@writetome51/base-class": "^2.0.0",
        "error-if-not-array": "^2.0.0"
      }
    },
    "@writetome51/set-array": {
      "version": "2.0.1",
      "resolved": "https://registry.npmjs.org/@writetome51/set-array/-/set-array-2.0.1.tgz",
      "integrity": "sha512-AiKUJ9XPaoZr3twkevLu8sQbUHl8JNCyzGunR8SAJJWL7uuCPA4oHujEB0rnYUiQnUi7aFdKU+PpJEAsQEXowA==",
      "requires": {
        "error-if-values-are-not-arrays": "^2.0.1"
      }
    },
    "error-if-array-too-short-to-meet-adjacent-items-request": {
      "version": "2.0.0",
      "resolved": "https://registry.npmjs.org/error-if-array-too-short-to-meet-adjacent-items-request/-/error-if-array-too-short-to-meet-adjacent-items-request-2.0.0.tgz",
      "integrity": "sha512-VJl7jkZ6tS0ahw4qlMlvlLMhMmml8oSdWmQn9Eanuo6iNr302aNkeF3IwnCdprUcmRw/3a2vZFVM3fJBW262fw=="
    },
    "error-if-index-how-many-or-array-are-not-valid": {
      "version": "2.0.1",
      "resolved": "https://registry.npmjs.org/error-if-index-how-many-or-array-are-not-valid/-/error-if-index-how-many-or-array-are-not-valid-2.0.1.tgz",
      "integrity": "sha512-FsBclMV37Q/ULCQf1t1gxHAgQP2SZIR8eo23VktcVCTZbjtDuiSzHKhDjHJEFK2/1I1uTUF4O+cfK/+xlpZCgQ==",
      "requires": {
        "error-if-index-not-valid": "^2.0.0",
        "error-if-not-array": "^2.0.0",
        "error-if-not-integer": "^2.0.0"
      }
    },
    "error-if-index-not-valid": {
      "version": "2.0.0",
      "resolved": "https://registry.npmjs.org/error-if-index-not-valid/-/error-if-index-not-valid-2.0.0.tgz",
      "integrity": "sha512-YHcWv6Iwuhc+rTJrCwdbMMEP3cR9lPDzAfAPHJotdCXxFmyV9k+PtcFrc6CHrf4KU9AG8FLQ0SZ1wb+iZtUZRQ==",
      "requires": {
        "@writetome51/index-is-valid": "^2.0.0"
      }
    },
    "error-if-length-is-zero": {
      "version": "1.0.1",
      "resolved": "https://registry.npmjs.org/error-if-length-is-zero/-/error-if-length-is-zero-1.0.1.tgz",
      "integrity": "sha512-UB2bqtLZ9lpexrsjQbH6UkdBJpmeesBQZHGEYwOFoiKReRuQlG/cODCOMNY+Fq8EFyeF1gg99eMSjdztqUEQqA=="
    },
    "error-if-not-array": {
      "version": "2.0.0",
      "resolved": "https://registry.npmjs.org/error-if-not-array/-/error-if-not-array-2.0.0.tgz",
      "integrity": "sha512-kBAYpWy9xGjELgGqmS2QPbRJPXfacAxBwgitXIwMEglY0p3C2p4++sf3uDszXaDoy4cwgGrFj+FkthsxQFh/ag=="
    },
    "error-if-not-finite-number": {
      "version": "2.0.0",
      "resolved": "https://registry.npmjs.org/error-if-not-finite-number/-/error-if-not-finite-number-2.0.0.tgz",
      "integrity": "sha512-CBxJ+SqnHf1uVCQ9v8777aEC6UxQ3NNoSjDrOgr3iaT9m7LxUf9vFwKBPONTLfGnWFVCirH6KdHNTI2+4lT8cQ==",
      "requires": {
        "@writetome51/is-finite-number": "^2.0.0"
      }
    },
    "error-if-not-integer": {
      "version": "2.0.0",
      "resolved": "https://registry.npmjs.org/error-if-not-integer/-/error-if-not-integer-2.0.0.tgz",
      "integrity": "sha512-jCDTtwK4fZVn0DNJKXYCynF/B+AUG9Ge3snFw4fq2nYzT1c1uTeWvPDXxRT4OKpNjIeOUhxzJmqb4KLwLETjQg==",
      "requires": {
        "@writetome51/is-integer-is-float": "^2.0.0",
        "error-if-not-finite-number": "^2.0.0"
      }
    },
    "error-if-not-object": {
      "version": "2.0.0",
      "resolved": "https://registry.npmjs.org/error-if-not-object/-/error-if-not-object-2.0.0.tgz",
      "integrity": "sha512-jtmWyJasrRxyi9XIYReE2z9p6eLHPzmYaceZrFU68diHFLH/G0evKM67MMgSgKUhIjjZk34y5+H3dgoCDCfFzg==",
      "requires": {
        "@writetome51/is-object-not-object": "^2.0.0"
      }
    },
    "error-if-values-are-not-arrays": {
      "version": "2.0.1",
      "resolved": "https://registry.npmjs.org/error-if-values-are-not-arrays/-/error-if-values-are-not-arrays-2.0.1.tgz",
      "integrity": "sha512-DiK9y6+4toBSg1glPr0yTkI7SfaFo4FCVyNuLaKLuuH++z10XnVE/zV2m+sAw1QWL7RlhxFJU1/SnkwFWker7g==",
      "requires": {
        "error-if-not-array": "^2.0.0"
      }
    }
  }
}
